{
  "name": "npmlearning",
  "version": "1.0.0",
  "lockfileVersion": 2,
  "requires": true,
  "packages": {
    "": {
      "name": "npmlearning",
      "version": "1.0.0",
      "license": "ISC",
      "dependencies": {
        "subtract": "^0.0.3"
      }
    },
    "node_modules/subtract": {
      "version": "0.0.3",
      "resolved": "https://registry.npmjs.org/subtract/-/subtract-0.0.3.tgz",
      "integrity": "sha512-BgZVAww8pIpMuLH0aaJWRHuXahCwT98zjAJPdnsrggi8wgE4G5HqT33xVwBRAwokN3FNHZPtMIniYgE/hhF18w=="
    }
  },
  "dependencies": {
    "subtract": {
      "version": "0.0.3",
      "resolved": "https://registry.npmjs.org/subtract/-/subtract-0.0.3.tgz",
      "integrity": "sha512-BgZVAww8pIpMuLH0aaJWRHuXahCwT98zjAJPdnsrggi8wgE4G5HqT33xVwBRAwokN3FNHZPtMIniYgE/hhF18w=="
    }
  }
}
